{
  "originHash" : "103560a4333a8bbe18e0de4e1c97401a28e534eb8607fa992895ccfe0dfc6f86",
  "pins" : [
    {
      "identity" : "base32",
      "kind" : "remoteSourceControl",
      "location" : "https://github.com/norio-nomura/Base32.git",
      "state" : {
        "revision" : "c4bc0a49689999ae2c7c778f3830a6a6e694efb8",
        "version" : "0.9.0"
      }
    },
    {
      "identity" : "bigint",
      "kind" : "remoteSourceControl",
      "location" : "https://github.com/attaswift/BigInt.git",
      "state" : {
        "revision" : "63feef7820abb1a8fb08587d7da56bb0b7db8751",
        "version" : "6.0.1"
      }
    },
    {
      "identity" : "swift-nacl",
      "kind" : "remoteSourceControl",
      "location" : "https://github.com/Kingpin-Apps/swift-nacl.git",
      "state" : {
        "revision" : "03f8a9e2a7626fdc56f100da78f101fe05002298",
        "version" : "1.0.3"
      }
    }
  ],
  "version" : 3
}
