{
  "originHash" : "3b2ff31c3d9c8e6c2f190e2de38c0feb9da4d6bd1ea710479fcb53da05ae8894",
  "pins" : [
    {
      "identity" : "base32",
      "kind" : "remoteSourceControl",
      "location" : "https://github.com/norio-nomura/Base32.git",
      "state" : {
        "revision" : "c4bc0a49689999ae2c7c778f3830a6a6e694efb8",
        "version" : "0.9.0"
      }
    },
    {
      "identity" : "bigint",
      "kind" : "remoteSourceControl",
      "location" : "https://github.com/attaswift/BigInt.git",
      "state" : {
        "revision" : "e07e00fa1fd435143a2dcf8b7eec9a7710b2fdfe",
        "version" : "5.7.0"
      }
    },
    {
      "identity" : "swift-nacl",
      "kind" : "remoteSourceControl",
      "location" : "https://github.com/Kingpin-Apps/swift-nacl.git",
      "state" : {
        "revision" : "23df3eed6c4a9ac8f906260253604fdb74f7ed7f",
        "version" : "1.0.1"
      }
    }
  ],
  "version" : 3
}
